
Microsoft Visual Studio Solution File, Format Version 12.00
# Visual Studio Version 17
VisualStudioVersion = 17.13.35919.96 d17.13
MinimumVisualStudioVersion = 10.0.40219.1
Project("{FAE04EC0-301F-11D3-BF4B-00C04F79EFBC}") = "DarkVisitorsModule", "DarkVisitorsModule\DarkVisitorsModule.csproj", "{0FB7C9E5-15FC-475C-A1CD-97DC30615AAD}"
EndProject
Global
	GlobalSection(SolutionConfigurationPlatforms) = preSolution
		Debug|Any CPU = Debug|Any CPU
		Release|Any CPU = Release|Any CPU
	EndGlobalSection
	GlobalSection(ProjectConfigurationPlatforms) = postSolution
		{0FB7C9E5-15FC-475C-A1CD-97DC30615AAD}.Debug|Any CPU.ActiveCfg = Debug|Any CPU
		{0FB7C9E5-15FC-475C-A1CD-97DC30615AAD}.Debug|Any CPU.Build.0 = Debug|Any CPU
		{0FB7C9E5-15FC-475C-A1CD-97DC30615AAD}.Release|Any CPU.ActiveCfg = Release|Any CPU
		{0FB7C9E5-15FC-475C-A1CD-97DC30615AAD}.Release|Any CPU.Build.0 = Release|Any CPU
	EndGlobalSection
	GlobalSection(SolutionProperties) = preSolution
		HideSolutionNode = FALSE
	EndGlobalSection
	GlobalSection(ExtensibilityGlobals) = postSolution
		SolutionGuid = {3A893DF5-FFC0-4EB7-80A7-172F7DDD6403}
	EndGlobalSection
EndGlobal
